
Microsoft Visual Studio Solution File, Format Version 12.00
# Visual Studio Version 17
VisualStudioVersion = 17.11.35208.52
MinimumVisualStudioVersion = 10.0.40219.1
Project("{2150E333-8FDC-42A3-9474-1A3956D46DE8}") = "src", "src", "{CB42B1BA-F3EC-4487-8ECC-112F1343E3BF}"
EndProject
Project("{2150E333-8FDC-42A3-9474-1A3956D46DE8}") = "Microservices", "Microservices", "{94D4D66F-297D-4E5B-AB62-06F1F6E0BF1D}"
EndProject
Project("{FAE04EC0-301F-11D3-BF4B-00C04F79EFBC}") = "ProductCatelog", "src\Microservices\ProductCatelog\ProductCatelog.csproj", "{5AA8CCBE-4F71-4249-B8A7-D643388F10F5}"
EndProject
Global
	GlobalSection(SolutionConfigurationPlatforms) = preSolution
		Debug|Any CPU = Debug|Any CPU
		Release|Any CPU = Release|Any CPU
	EndGlobalSection
	GlobalSection(ProjectConfigurationPlatforms) = postSolution
		{5AA8CCBE-4F71-4249-B8A7-D643388F10F5}.Debug|Any CPU.ActiveCfg = Debug|Any CPU
		{5AA8CCBE-4F71-4249-B8A7-D643388F10F5}.Debug|Any CPU.Build.0 = Debug|Any CPU
		{5AA8CCBE-4F71-4249-B8A7-D643388F10F5}.Release|Any CPU.ActiveCfg = Release|Any CPU
		{5AA8CCBE-4F71-4249-B8A7-D643388F10F5}.Release|Any CPU.Build.0 = Release|Any CPU
	EndGlobalSection
	GlobalSection(SolutionProperties) = preSolution
		HideSolutionNode = FALSE
	EndGlobalSection
	GlobalSection(NestedProjects) = preSolution
		{94D4D66F-297D-4E5B-AB62-06F1F6E0BF1D} = {CB42B1BA-F3EC-4487-8ECC-112F1343E3BF}
		{5AA8CCBE-4F71-4249-B8A7-D643388F10F5} = {94D4D66F-297D-4E5B-AB62-06F1F6E0BF1D}
	EndGlobalSection
	GlobalSection(ExtensibilityGlobals) = postSolution
		SolutionGuid = {0465312D-92B4-4D22-AB24-734252BA9437}
	EndGlobalSection
EndGlobal
